
Microsoft Visual Studio Solution File, Format Version 12.00
# Visual Studio Version 17
VisualStudioVersion = 17.3.32901.215
MinimumVisualStudioVersion = 10.0.40219.1
Project("{2150E333-8FDC-42A3-9474-1A3956D46DE8}") = "src", "src", "{D598A8FD-AF65-4E98-A73B-1BE4D96774C6}"
EndProject
Project("{9A19103F-16F7-4668-BE54-9A1E7A4F7556}") = "HospitalAPI", "src\HospitalAPI\HospitalAPI.csproj", "{94E83A7C-2FD7-4274-AC9F-114A04520F6D}"
EndProject
Project("{9A19103F-16F7-4668-BE54-9A1E7A4F7556}") = "HospitalLibrary", "src\HospitalLibrary\HospitalLibrary.csproj", "{4061723E-C72C-45A0-B1EC-5068C52594AE}"
EndProject
Project("{9A19103F-16F7-4668-BE54-9A1E7A4F7556}") = "IntegrationAPI", "src\IntegrationAPI\IntegrationAPI.csproj", "{96E3A4C6-03A9-4E22-BE54-A95D993EB4E3}"
EndProject
Project("{9A19103F-16F7-4668-BE54-9A1E7A4F7556}") = "IntegrationLibrary", "src\IntegrationLibrary\IntegrationLibrary.csproj", "{102C0DCD-A879-4476-B637-37DBAA270DB1}"
EndProject
Project("{2150E333-8FDC-42A3-9474-1A3956D46DE8}") = "Solution Items", "Solution Items", "{B6FE8653-4AB2-42EB-9F46-52BA9E695242}"
	ProjectSection(SolutionItems) = preProject
		.editorconfig = .editorconfig
	EndProjectSection
EndProject
Project("{FAE04EC0-301F-11D3-BF4B-00C04F79EFBC}") = "HospitalAPITest", "HospitalAPITest\HospitalAPITest.csproj", "{75B56116-83C3-4589-B455-DDD5751B596D}"
EndProject
Project("{FAE04EC0-301F-11D3-BF4B-00C04F79EFBC}") = "HospitalLibraryTest", "HospitalLibraryTest\HospitalLibraryTest.csproj", "{D524AEA2-3CEB-466C-9E67-68C614854C3E}"
EndProject
Project("{FAE04EC0-301F-11D3-BF4B-00C04F79EFBC}") = "IntegrationAPITest", "IntegrationAPITest\IntegrationAPITest.csproj", "{C40E9A5B-0E6B-46E8-907A-5A44F48346CC}"
EndProject
Project("{FAE04EC0-301F-11D3-BF4B-00C04F79EFBC}") = "IntegrationLibraryTest", "IntegrationLibraryTest\IntegrationLibraryTest.csproj", "{618D97D0-CB35-46FD-8046-A6123C3B35D8}"
EndProject
Global
	GlobalSection(SolutionConfigurationPlatforms) = preSolution
		Debug|Any CPU = Debug|Any CPU
		Release|Any CPU = Release|Any CPU
	EndGlobalSection
	GlobalSection(ProjectConfigurationPlatforms) = postSolution
		{94E83A7C-2FD7-4274-AC9F-114A04520F6D}.Debug|Any CPU.ActiveCfg = Debug|Any CPU
		{94E83A7C-2FD7-4274-AC9F-114A04520F6D}.Debug|Any CPU.Build.0 = Debug|Any CPU
		{94E83A7C-2FD7-4274-AC9F-114A04520F6D}.Release|Any CPU.ActiveCfg = Release|Any CPU
		{94E83A7C-2FD7-4274-AC9F-114A04520F6D}.Release|Any CPU.Build.0 = Release|Any CPU
		{4061723E-C72C-45A0-B1EC-5068C52594AE}.Debug|Any CPU.ActiveCfg = Debug|Any CPU
		{4061723E-C72C-45A0-B1EC-5068C52594AE}.Debug|Any CPU.Build.0 = Debug|Any CPU
		{4061723E-C72C-45A0-B1EC-5068C52594AE}.Release|Any CPU.ActiveCfg = Release|Any CPU
		{4061723E-C72C-45A0-B1EC-5068C52594AE}.Release|Any CPU.Build.0 = Release|Any CPU
		{96E3A4C6-03A9-4E22-BE54-A95D993EB4E3}.Debug|Any CPU.ActiveCfg = Debug|Any CPU
		{96E3A4C6-03A9-4E22-BE54-A95D993EB4E3}.Debug|Any CPU.Build.0 = Debug|Any CPU
		{96E3A4C6-03A9-4E22-BE54-A95D993EB4E3}.Release|Any CPU.ActiveCfg = Release|Any CPU
		{96E3A4C6-03A9-4E22-BE54-A95D993EB4E3}.Release|Any CPU.Build.0 = Release|Any CPU
		{102C0DCD-A879-4476-B637-37DBAA270DB1}.Debug|Any CPU.ActiveCfg = Debug|Any CPU
		{102C0DCD-A879-4476-B637-37DBAA270DB1}.Debug|Any CPU.Build.0 = Debug|Any CPU
		{102C0DCD-A879-4476-B637-37DBAA270DB1}.Release|Any CPU.ActiveCfg = Release|Any CPU
		{102C0DCD-A879-4476-B637-37DBAA270DB1}.Release|Any CPU.Build.0 = Release|Any CPU
		{75B56116-83C3-4589-B455-DDD5751B596D}.Debug|Any CPU.ActiveCfg = Debug|Any CPU
		{75B56116-83C3-4589-B455-DDD5751B596D}.Debug|Any CPU.Build.0 = Debug|Any CPU
		{75B56116-83C3-4589-B455-DDD5751B596D}.Release|Any CPU.ActiveCfg = Release|Any CPU
		{75B56116-83C3-4589-B455-DDD5751B596D}.Release|Any CPU.Build.0 = Release|Any CPU
		{D524AEA2-3CEB-466C-9E67-68C614854C3E}.Debug|Any CPU.ActiveCfg = Debug|Any CPU
		{D524AEA2-3CEB-466C-9E67-68C614854C3E}.Debug|Any CPU.Build.0 = Debug|Any CPU
		{D524AEA2-3CEB-466C-9E67-68C614854C3E}.Release|Any CPU.ActiveCfg = Release|Any CPU
		{D524AEA2-3CEB-466C-9E67-68C614854C3E}.Release|Any CPU.Build.0 = Release|Any CPU
		{C40E9A5B-0E6B-46E8-907A-5A44F48346CC}.Debug|Any CPU.ActiveCfg = Debug|Any CPU
		{C40E9A5B-0E6B-46E8-907A-5A44F48346CC}.Debug|Any CPU.Build.0 = Debug|Any CPU
		{C40E9A5B-0E6B-46E8-907A-5A44F48346CC}.Release|Any CPU.ActiveCfg = Release|Any CPU
		{C40E9A5B-0E6B-46E8-907A-5A44F48346CC}.Release|Any CPU.Build.0 = Release|Any CPU
		{618D97D0-CB35-46FD-8046-A6123C3B35D8}.Debug|Any CPU.ActiveCfg = Debug|Any CPU
		{618D97D0-CB35-46FD-8046-A6123C3B35D8}.Debug|Any CPU.Build.0 = Debug|Any CPU
		{618D97D0-CB35-46FD-8046-A6123C3B35D8}.Release|Any CPU.ActiveCfg = Release|Any CPU
		{618D97D0-CB35-46FD-8046-A6123C3B35D8}.Release|Any CPU.Build.0 = Release|Any CPU
	EndGlobalSection
	GlobalSection(SolutionProperties) = preSolution
		HideSolutionNode = FALSE
	EndGlobalSection
	GlobalSection(NestedProjects) = preSolution
		{94E83A7C-2FD7-4274-AC9F-114A04520F6D} = {D598A8FD-AF65-4E98-A73B-1BE4D96774C6}
		{4061723E-C72C-45A0-B1EC-5068C52594AE} = {D598A8FD-AF65-4E98-A73B-1BE4D96774C6}
		{96E3A4C6-03A9-4E22-BE54-A95D993EB4E3} = {D598A8FD-AF65-4E98-A73B-1BE4D96774C6}
		{102C0DCD-A879-4476-B637-37DBAA270DB1} = {D598A8FD-AF65-4E98-A73B-1BE4D96774C6}
		{75B56116-83C3-4589-B455-DDD5751B596D} = {D598A8FD-AF65-4E98-A73B-1BE4D96774C6}
		{D524AEA2-3CEB-466C-9E67-68C614854C3E} = {D598A8FD-AF65-4E98-A73B-1BE4D96774C6}
		{C40E9A5B-0E6B-46E8-907A-5A44F48346CC} = {D598A8FD-AF65-4E98-A73B-1BE4D96774C6}
		{618D97D0-CB35-46FD-8046-A6123C3B35D8} = {D598A8FD-AF65-4E98-A73B-1BE4D96774C6}
	EndGlobalSection
	GlobalSection(ExtensibilityGlobals) = postSolution
		SolutionGuid = {321E0EAD-F8FE-4843-A345-178BDB1D01E8}
	EndGlobalSection
EndGlobal
